{
  "name": "blitzboard",
  "version": "1.0.0",
  "lockfileVersion": 3,
  "requires": true,
  "packages": {
    "": {
      "name": "blitzboard",
      "version": "1.0.0",
      "dependencies": {
        "@hotwired/stimulus": "^3.2.2",
        "@rails/actioncable": "^8.1.300"
      }
    },
    "node_modules/@hotwired/stimulus": {
      "version": "3.2.2",
      "resolved": "https://registry.npmjs.org/@hotwired/stimulus/-/stimulus-3.2.2.tgz",
      "integrity": "sha512-eGeIqNOQpXoPAIP7tC1+1Yc1yl1xnwYqg+3mzqxyrbE5pg5YFBZcA6YoTiByJB6DKAEsiWtl6tjTJS4IYtbB7A==",
      "license": "MIT"
    },
    "node_modules/@rails/actioncable": {
      "version": "8.1.300",
      "resolved": "https://registry.npmjs.org/@rails/actioncable/-/actioncable-8.1.300.tgz",
      "integrity": "sha512-zOENQsq3NM2jyBY6Z2qtZa3V/R/6OEqA+LGKixQbBMl7kk/J3FXDRcszPe74LsHNgB01jCl/DXu/xA8sHt4I/g==",
      "license": "MIT"
    }
  }
}
